
Microsoft Visual Studio Solution File, Format Version 12.00
# Visual Studio Version 16
VisualStudioVersion = 16.0.29806.167
MinimumVisualStudioVersion = 10.0.40219.1
Project("{9A19103F-16F7-4668-BE54-9A1E7A4F7556}") = "AspNetCore.WebApi", "src\AspNetCore.WebApi\AspNetCore.WebApi.csproj", "{9C79D3D6-E2A6-45E4-A1CB-A48B936D104B}"
EndProject
Project("{FAE04EC0-301F-11D3-BF4B-00C04F79EFBC}") = "HEF.GraphQL.ResourceQuery", "src\HEF.GraphQL.ResourceQuery\HEF.GraphQL.ResourceQuery.csproj", "{B6F283E7-893D-4089-BBE7-E4B6CAFE33B5}"
EndProject
Global
	GlobalSection(SolutionConfigurationPlatforms) = preSolution
		Debug|Any CPU = Debug|Any CPU
		Release|Any CPU = Release|Any CPU
	EndGlobalSection
	GlobalSection(ProjectConfigurationPlatforms) = postSolution
		{9C79D3D6-E2A6-45E4-A1CB-A48B936D104B}.Debug|Any CPU.ActiveCfg = Debug|Any CPU
		{9C79D3D6-E2A6-45E4-A1CB-A48B936D104B}.Debug|Any CPU.Build.0 = Debug|Any CPU
		{9C79D3D6-E2A6-45E4-A1CB-A48B936D104B}.Release|Any CPU.ActiveCfg = Release|Any CPU
		{9C79D3D6-E2A6-45E4-A1CB-A48B936D104B}.Release|Any CPU.Build.0 = Release|Any CPU
		{B6F283E7-893D-4089-BBE7-E4B6CAFE33B5}.Debug|Any CPU.ActiveCfg = Debug|Any CPU
		{B6F283E7-893D-4089-BBE7-E4B6CAFE33B5}.Debug|Any CPU.Build.0 = Debug|Any CPU
		{B6F283E7-893D-4089-BBE7-E4B6CAFE33B5}.Release|Any CPU.ActiveCfg = Release|Any CPU
		{B6F283E7-893D-4089-BBE7-E4B6CAFE33B5}.Release|Any CPU.Build.0 = Release|Any CPU
	EndGlobalSection
	GlobalSection(SolutionProperties) = preSolution
		HideSolutionNode = FALSE
	EndGlobalSection
	GlobalSection(ExtensibilityGlobals) = postSolution
		SolutionGuid = {25EED8C1-5A37-481C-BE3C-F3B2409B679E}
	EndGlobalSection
EndGlobal
